
Microsoft Visual Studio Solution File, Format Version 12.00
# Visual Studio Version 17
VisualStudioVersion = 17.10.34928.147
MinimumVisualStudioVersion = 10.0.40219.1
Project("{FAE04EC0-301F-11D3-BF4B-00C04F79EFBC}") = "BluesoftBank", "BluesoftBank\BluesoftBank.csproj", "{4AAB9872-C30E-49EB-A2D6-212C0400E159}"
EndProject
Global
	GlobalSection(SolutionConfigurationPlatforms) = preSolution
		Debug|Any CPU = Debug|Any CPU
		Release|Any CPU = Release|Any CPU
	EndGlobalSection
	GlobalSection(ProjectConfigurationPlatforms) = postSolution
		{4AAB9872-C30E-49EB-A2D6-212C0400E159}.Debug|Any CPU.ActiveCfg = Debug|Any CPU
		{4AAB9872-C30E-49EB-A2D6-212C0400E159}.Debug|Any CPU.Build.0 = Debug|Any CPU
		{4AAB9872-C30E-49EB-A2D6-212C0400E159}.Release|Any CPU.ActiveCfg = Release|Any CPU
		{4AAB9872-C30E-49EB-A2D6-212C0400E159}.Release|Any CPU.Build.0 = Release|Any CPU
	EndGlobalSection
	GlobalSection(SolutionProperties) = preSolution
		HideSolutionNode = FALSE
	EndGlobalSection
	GlobalSection(ExtensibilityGlobals) = postSolution
		SolutionGuid = {02F8DA96-2636-4EA2-B56A-C20EC432685A}
	EndGlobalSection
EndGlobal
